
Microsoft Visual Studio Solution File, Format Version 12.00
# Visual Studio Version 17
VisualStudioVersion = 17.3.32819.101
MinimumVisualStudioVersion = 10.0.40219.1
Project("{FAE04EC0-301F-11D3-BF4B-00C04F79EFBC}") = "PruebaTecnicaPichincha", "PruebaTecnicaPichincha.csproj", "{A6057B3E-A4C4-4807-B4A1-01A59554B663}"
EndProject
Global
	GlobalSection(SolutionConfigurationPlatforms) = preSolution
		Debug|Any CPU = Debug|Any CPU
		Release|Any CPU = Release|Any CPU
	EndGlobalSection
	GlobalSection(ProjectConfigurationPlatforms) = postSolution
		{A6057B3E-A4C4-4807-B4A1-01A59554B663}.Debug|Any CPU.ActiveCfg = Debug|Any CPU
		{A6057B3E-A4C4-4807-B4A1-01A59554B663}.Debug|Any CPU.Build.0 = Debug|Any CPU
		{A6057B3E-A4C4-4807-B4A1-01A59554B663}.Release|Any CPU.ActiveCfg = Release|Any CPU
		{A6057B3E-A4C4-4807-B4A1-01A59554B663}.Release|Any CPU.Build.0 = Release|Any CPU
	EndGlobalSection
	GlobalSection(SolutionProperties) = preSolution
		HideSolutionNode = FALSE
	EndGlobalSection
	GlobalSection(ExtensibilityGlobals) = postSolution
		SolutionGuid = {203D416F-0093-46DD-A09C-24BF4452E0AD}
	EndGlobalSection
EndGlobal
